
Microsoft Visual Studio Solution File, Format Version 12.00
# Visual Studio Version 17
VisualStudioVersion = 17.14.37012.4 d17.14
MinimumVisualStudioVersion = 10.0.40219.1
Project("{FAE04EC0-301F-11D3-BF4B-00C04F79EFBC}") = "InventarioWebBE-FullStack", "InventarioWebBE-FullStack.csproj", "{2306B0FD-E044-4AC1-93DE-71E6BFB46EA2}"
EndProject
Global
	GlobalSection(SolutionConfigurationPlatforms) = preSolution
		Debug|Any CPU = Debug|Any CPU
		Release|Any CPU = Release|Any CPU
	EndGlobalSection
	GlobalSection(ProjectConfigurationPlatforms) = postSolution
		{2306B0FD-E044-4AC1-93DE-71E6BFB46EA2}.Debug|Any CPU.ActiveCfg = Debug|Any CPU
		{2306B0FD-E044-4AC1-93DE-71E6BFB46EA2}.Debug|Any CPU.Build.0 = Debug|Any CPU
		{2306B0FD-E044-4AC1-93DE-71E6BFB46EA2}.Release|Any CPU.ActiveCfg = Release|Any CPU
		{2306B0FD-E044-4AC1-93DE-71E6BFB46EA2}.Release|Any CPU.Build.0 = Release|Any CPU
	EndGlobalSection
	GlobalSection(SolutionProperties) = preSolution
		HideSolutionNode = FALSE
	EndGlobalSection
	GlobalSection(ExtensibilityGlobals) = postSolution
		SolutionGuid = {5B1C63D2-18B1-404A-8B4B-6FD7CD43B47D}
	EndGlobalSection
EndGlobal
